PODS:
  - Alamofire (4.8.1)
  - ForecastIO (5.1.0)
  - JSQMessagesViewController (7.3.5):
    - JSQSystemSoundPlayer (~> 2.0.1)
  - JSQSystemSoundPlayer (2.0.1)
  - ObjectMapper (3.4.2)
  - RecastAI (3.5.0):
    - Alamofire
    - ObjectMapper

DEPENDENCIES:
  - ForecastIO
  - JSQMessagesViewController
  - RecastAI

SPEC REPOS:
  https://github.com/cocoapods/specs.git:
    - Alamofire
    - ForecastIO
    - JSQMessagesViewController
    - JSQSystemSoundPlayer
    - ObjectMapper
    - RecastAI

SPEC CHECKSUMS:
  Alamofire: 16ce2c353fb72865124ddae8a57c5942388f4f11
  ForecastIO: cefaecb3a1bd764a03067a82ff546e84d3b97456
  JSQMessagesViewController: 6587f56aedbcb150a8ba1d968e1ef58b1bc758b7
  JSQSystemSoundPlayer: c5850e77a4363ffd374cd851154b9af93264ed8d
  ObjectMapper: 0d4402610f4e468903ae64629eec4784531e5c51
  RecastAI: d9abaf97f914a07cc10ee0cb8be89bfe2b942280

PODFILE CHECKSUM: ad253244027c6ce8a350400d0eca62dbf48b7c3e

COCOAPODS: 1.5.3
